
Microsoft Visual Studio Solution File, Format Version 12.00
# Visual Studio Version 17
VisualStudioVersion = 17.2.32630.192
MinimumVisualStudioVersion = 10.0.40219.1
Project("{9A19103F-16F7-4668-BE54-9A1E7A4F7556}") = "TimRecruitmentTask", "TimRecruitmentTask\TimRecruitmentTask.csproj", "{C53DE87B-6B86-4B1C-9770-9823FAAF7036}"
EndProject
Project("{FAE04EC0-301F-11D3-BF4B-00C04F79EFBC}") = "TimRecruitmentTaskTests", "TimRecruitmentTaskTests\TimRecruitmentTaskTests.csproj", "{A3407C72-0ED8-4158-A95B-756AE32D072A}"
EndProject
Global
	GlobalSection(SolutionConfigurationPlatforms) = preSolution
		Debug|Any CPU = Debug|Any CPU
		Release|Any CPU = Release|Any CPU
	EndGlobalSection
	GlobalSection(ProjectConfigurationPlatforms) = postSolution
		{C53DE87B-6B86-4B1C-9770-9823FAAF7036}.Debug|Any CPU.ActiveCfg = Debug|Any CPU
		{C53DE87B-6B86-4B1C-9770-9823FAAF7036}.Debug|Any CPU.Build.0 = Debug|Any CPU
		{C53DE87B-6B86-4B1C-9770-9823FAAF7036}.Release|Any CPU.ActiveCfg = Release|Any CPU
		{C53DE87B-6B86-4B1C-9770-9823FAAF7036}.Release|Any CPU.Build.0 = Release|Any CPU
		{A3407C72-0ED8-4158-A95B-756AE32D072A}.Debug|Any CPU.ActiveCfg = Debug|Any CPU
		{A3407C72-0ED8-4158-A95B-756AE32D072A}.Debug|Any CPU.Build.0 = Debug|Any CPU
		{A3407C72-0ED8-4158-A95B-756AE32D072A}.Release|Any CPU.ActiveCfg = Release|Any CPU
		{A3407C72-0ED8-4158-A95B-756AE32D072A}.Release|Any CPU.Build.0 = Release|Any CPU
	EndGlobalSection
	GlobalSection(SolutionProperties) = preSolution
		HideSolutionNode = FALSE
	EndGlobalSection
	GlobalSection(ExtensibilityGlobals) = postSolution
		SolutionGuid = {78ECB84C-0B45-4D85-8463-2B83B84968A3}
	EndGlobalSection
EndGlobal
